
Microsoft Visual Studio Solution File, Format Version 12.00
# Visual Studio Version 16
VisualStudioVersion = 16.0.28803.202
MinimumVisualStudioVersion = 10.0.40219.1
Project("{FAE04EC0-301F-11D3-BF4B-00C04F79EFBC}") = "100Doors", "100Doors\100Doors.csproj", "{DDBAA044-7EEA-4CBC-B958-CA7DF0C6DD70}"
EndProject
Global
	GlobalSection(SolutionConfigurationPlatforms) = preSolution
		Debug|Any CPU = Debug|Any CPU
		Release|Any CPU = Release|Any CPU
	EndGlobalSection
	GlobalSection(ProjectConfigurationPlatforms) = postSolution
		{DDBAA044-7EEA-4CBC-B958-CA7DF0C6DD70}.Debug|Any CPU.ActiveCfg = Debug|Any CPU
		{DDBAA044-7EEA-4CBC-B958-CA7DF0C6DD70}.Debug|Any CPU.Build.0 = Debug|Any CPU
		{DDBAA044-7EEA-4CBC-B958-CA7DF0C6DD70}.Release|Any CPU.ActiveCfg = Release|Any CPU
		{DDBAA044-7EEA-4CBC-B958-CA7DF0C6DD70}.Release|Any CPU.Build.0 = Release|Any CPU
	EndGlobalSection
	GlobalSection(SolutionProperties) = preSolution
		HideSolutionNode = FALSE
	EndGlobalSection
	GlobalSection(ExtensibilityGlobals) = postSolution
		SolutionGuid = {95C11C00-4517-4DA7-80E7-45CB29464918}
	EndGlobalSection
EndGlobal
